schema: '2.0'
stages:
  verovio@2:
    cmd: /home/kwon-young/prog/verovio/build/verovio -r /home/kwon-young/prog/verovio/data
      -o data/2-verovio.svg data/2.musicxml
    deps:
    - path: data/2.musicxml
      md5: a2b049229fe948bf5e33be5ac37dd723
      size: 880
    outs:
    - path: data/2-verovio.svg
      md5: 53f11f74356ef988ea1cf14b415e7be6
      size: 9794
  verovio@1:
    cmd: /home/kwon-young/prog/verovio/build/verovio -r /home/kwon-young/prog/verovio/data
      -o data/1-verovio.svg data/1.musicxml
    deps:
    - path: data/1.musicxml
      md5: ae4568e844476569c44aa9fbb83ab065
      size: 874
    outs:
    - path: data/1-verovio.svg
      md5: 4ea9794f12b18d36eb5b26221715112e
      size: 9793
  svg2pl@1:
    cmd: python svg2pl.py data/1-verovio.svg data/glyphnames.json data/1-verovio.pl
    deps:
    - path: data/1-verovio.svg
      md5: 4ea9794f12b18d36eb5b26221715112e
      size: 9793
    - path: data/glyphnames.json
      md5: 9529c059c29a2162ee44d35f561b1900
      size: 301683
    - path: svg2pl.py
      md5: d991a07e2fa0cfdb3721c3eebc8c7f46
      size: 7398
    outs:
    - path: data/1-verovio.pl
      md5: 6ce0f365ec08b1c404c830edb1f3b9b1
      size: 1341
  svg2pl@2:
    cmd: python svg2pl.py data/2-verovio.svg data/glyphnames.json data/2-verovio.pl
    deps:
    - path: data/2-verovio.svg
      md5: 53f11f74356ef988ea1cf14b415e7be6
      size: 9794
    - path: data/glyphnames.json
      md5: 9529c059c29a2162ee44d35f561b1900
      size: 301683
    - path: svg2pl.py
      md5: d991a07e2fa0cfdb3721c3eebc8c7f46
      size: 7398
    outs:
    - path: data/2-verovio.pl
      md5: 6ce0f365ec08b1c404c830edb1f3b9b1
      size: 1341
  musicGen@1:
    cmd: swipl -t halt -s music.pl -g "mainGen('data/1.musicxml', 'data/1-music.pl')."
    deps:
    - path: ccx.pl
      md5: 0339e4e10c93407c57580bbe0c275c9a
      size: 357
    - path: cond.pl
      md5: 50ab74f80e3c4f8fb2660d801e7e5488
      size: 673
    - path: data/1.musicxml
      md5: ae4568e844476569c44aa9fbb83ab065
      size: 874
    - path: epf.pl
      md5: 5ed7dcd164de21297148e325871a3593
      size: 282
    - path: epf_geo.pl
      md5: 95871e24e0f60f08385582296beb2779
      size: 222
    - path: geo.pl
      md5: c275a65d2e5ba61f342ce77db63e37fd
      size: 1291
    - path: music.pl
      md5: cfddbe6dd5b46c49fc2e02fbfaf63499
      size: 5739
    - path: music_utils.pl
      md5: b565dda97e9bc2e53b4670bb7dc2d679
      size: 1013
    - path: pitch.pl
      md5: 4aac3f3e53a894951330584b7e7c3325
      size: 4626
    - path: seg.pl
      md5: 5a4766d278a31cc00eb99b5d7cf2b146
      size: 1479
    - path: utils.pl
      md5: 234c76d9873120fe25fa952a089ab0d8
      size: 603
    outs:
    - path: data/1-music.pl
      md5: 25736ee9bfeeff719b05af0bc33bfa05
      size: 397
  musicReco@1:
    cmd: swipl -t halt -s music.pl -g "mainReco('data/1-verovio.pl', 'data/1-verovio.musicxml')."
    deps:
    - path: ccx.pl
      md5: 0339e4e10c93407c57580bbe0c275c9a
      size: 357
    - path: cond.pl
      md5: 50ab74f80e3c4f8fb2660d801e7e5488
      size: 673
    - path: data/1-verovio.pl
      md5: 6ce0f365ec08b1c404c830edb1f3b9b1
      size: 1341
    - path: epf.pl
      md5: 5ed7dcd164de21297148e325871a3593
      size: 282
    - path: epf_geo.pl
      md5: 95871e24e0f60f08385582296beb2779
      size: 222
    - path: geo.pl
      md5: c275a65d2e5ba61f342ce77db63e37fd
      size: 1291
    - path: music.pl
      md5: cfddbe6dd5b46c49fc2e02fbfaf63499
      size: 5739
    - path: music_utils.pl
      md5: b565dda97e9bc2e53b4670bb7dc2d679
      size: 1013
    - path: pitch.pl
      md5: 4aac3f3e53a894951330584b7e7c3325
      size: 4626
    - path: seg.pl
      md5: 5a4766d278a31cc00eb99b5d7cf2b146
      size: 1479
    - path: utils.pl
      md5: 234c76d9873120fe25fa952a089ab0d8
      size: 603
    outs:
    - path: data/1-verovio.musicxml
      md5: 156e4170498e4020cc8aae3f36d5b97e
      size: 731
  musicGen@2:
    cmd: swipl -t halt -s music.pl -g "mainGen('data/2.musicxml', 'data/2-music.pl')."
    deps:
    - path: ccx.pl
      md5: 0339e4e10c93407c57580bbe0c275c9a
      size: 357
    - path: cond.pl
      md5: 50ab74f80e3c4f8fb2660d801e7e5488
      size: 673
    - path: data/2.musicxml
      md5: a2b049229fe948bf5e33be5ac37dd723
      size: 880
    - path: epf.pl
      md5: 5ed7dcd164de21297148e325871a3593
      size: 282
    - path: epf_geo.pl
      md5: 95871e24e0f60f08385582296beb2779
      size: 222
    - path: geo.pl
      md5: c275a65d2e5ba61f342ce77db63e37fd
      size: 1291
    - path: music.pl
      md5: cfddbe6dd5b46c49fc2e02fbfaf63499
      size: 5739
    - path: music_utils.pl
      md5: b565dda97e9bc2e53b4670bb7dc2d679
      size: 1013
    - path: pitch.pl
      md5: 4aac3f3e53a894951330584b7e7c3325
      size: 4626
    - path: seg.pl
      md5: 5a4766d278a31cc00eb99b5d7cf2b146
      size: 1479
    - path: utils.pl
      md5: 234c76d9873120fe25fa952a089ab0d8
      size: 603
    outs:
    - path: data/2-music.pl
      md5: 25736ee9bfeeff719b05af0bc33bfa05
      size: 397
  musicReco@2:
    cmd: swipl -t halt -s music.pl -g "mainReco('data/2-verovio.pl', 'data/2-verovio.musicxml')."
    deps:
    - path: ccx.pl
      md5: 0339e4e10c93407c57580bbe0c275c9a
      size: 357
    - path: cond.pl
      md5: 50ab74f80e3c4f8fb2660d801e7e5488
      size: 673
    - path: data/2-verovio.pl
      md5: 6ce0f365ec08b1c404c830edb1f3b9b1
      size: 1341
    - path: epf.pl
      md5: 5ed7dcd164de21297148e325871a3593
      size: 282
    - path: epf_geo.pl
      md5: 95871e24e0f60f08385582296beb2779
      size: 222
    - path: geo.pl
      md5: c275a65d2e5ba61f342ce77db63e37fd
      size: 1291
    - path: music.pl
      md5: cfddbe6dd5b46c49fc2e02fbfaf63499
      size: 5739
    - path: music_utils.pl
      md5: b565dda97e9bc2e53b4670bb7dc2d679
      size: 1013
    - path: pitch.pl
      md5: 4aac3f3e53a894951330584b7e7c3325
      size: 4626
    - path: seg.pl
      md5: 5a4766d278a31cc00eb99b5d7cf2b146
      size: 1479
    - path: utils.pl
      md5: 234c76d9873120fe25fa952a089ab0d8
      size: 603
    outs:
    - path: data/2-verovio.musicxml
      md5: 156e4170498e4020cc8aae3f36d5b97e
      size: 731
  musicGen@1-C9:
    cmd: swipl -t halt -s music.pl -g "mainGen('data/1-C9.musicxml', 'data/1-C9-music.pl')."
    deps:
    - path: ccx.pl
      md5: 0339e4e10c93407c57580bbe0c275c9a
      size: 357
    - path: cond.pl
      md5: 50ab74f80e3c4f8fb2660d801e7e5488
      size: 673
    - path: data/1-C9.musicxml
      md5: a8be52987c822a67f62e2b48164ddba2
      size: 874
    - path: epf.pl
      md5: 5ed7dcd164de21297148e325871a3593
      size: 282
    - path: epf_geo.pl
      md5: 95871e24e0f60f08385582296beb2779
      size: 222
    - path: geo.pl
      md5: c275a65d2e5ba61f342ce77db63e37fd
      size: 1291
    - path: music.pl
      md5: cfddbe6dd5b46c49fc2e02fbfaf63499
      size: 5739
    - path: music_utils.pl
      md5: b565dda97e9bc2e53b4670bb7dc2d679
      size: 1013
    - path: pitch.pl
      md5: 4aac3f3e53a894951330584b7e7c3325
      size: 4626
    - path: seg.pl
      md5: 5a4766d278a31cc00eb99b5d7cf2b146
      size: 1479
    - path: utils.pl
      md5: 234c76d9873120fe25fa952a089ab0d8
      size: 603
    outs:
    - path: data/1-C9-music.pl
      md5: dd7b20310bf413fe228a170f229d0e0d
      size: 771
  verovio@1-C9:
    cmd: /home/kwon-young/prog/verovio/build/verovio -r /home/kwon-young/prog/verovio/data
      -o data/1-C9-verovio.svg data/1-C9.musicxml
    deps:
    - path: data/1-C9.musicxml
      md5: a8be52987c822a67f62e2b48164ddba2
      size: 874
    outs:
    - path: data/1-C9-verovio.svg
      md5: bc208ba183e9ccdb11e72b0ae347b530
      size: 10846
  svg2pl@1-C9:
    cmd: python svg2pl.py data/1-C9-verovio.svg data/glyphnames.json data/1-C9-verovio.pl
    deps:
    - path: data/1-C9-verovio.svg
      md5: bc208ba183e9ccdb11e72b0ae347b530
      size: 10846
    - path: data/glyphnames.json
      md5: 9529c059c29a2162ee44d35f561b1900
      size: 301683
    - path: svg2pl.py
      md5: d991a07e2fa0cfdb3721c3eebc8c7f46
      size: 7398
    outs:
    - path: data/1-C9-verovio.pl
      md5: 1001d0eebcafebc3c666f8e47c293489
      size: 2988
  musicReco@1-C9:
    cmd: swipl -t halt -s music.pl -g "mainReco('data/1-C9-verovio.pl', 'data/1-C9-verovio.musicxml')."
    deps:
    - path: ccx.pl
      md5: 0339e4e10c93407c57580bbe0c275c9a
      size: 357
    - path: cond.pl
      md5: 50ab74f80e3c4f8fb2660d801e7e5488
      size: 673
    - path: data/1-C9-verovio.pl
      md5: 1001d0eebcafebc3c666f8e47c293489
      size: 2988
    - path: epf.pl
      md5: 5ed7dcd164de21297148e325871a3593
      size: 282
    - path: epf_geo.pl
      md5: 95871e24e0f60f08385582296beb2779
      size: 222
    - path: geo.pl
      md5: c275a65d2e5ba61f342ce77db63e37fd
      size: 1291
    - path: music.pl
      md5: cfddbe6dd5b46c49fc2e02fbfaf63499
      size: 5739
    - path: music_utils.pl
      md5: b565dda97e9bc2e53b4670bb7dc2d679
      size: 1013
    - path: pitch.pl
      md5: 4aac3f3e53a894951330584b7e7c3325
      size: 4626
    - path: seg.pl
      md5: 5a4766d278a31cc00eb99b5d7cf2b146
      size: 1479
    - path: utils.pl
      md5: 234c76d9873120fe25fa952a089ab0d8
      size: 603
    outs:
    - path: data/1-C9-verovio.musicxml
      md5: 5e2856cc8d11e6c546439f96f65257f5
      size: 731
  musicGen@1-F4:
    cmd: swipl -t halt -s music.pl -g "mainGen('data/1-F4.musicxml', 'data/1-F4-music.pl')."
    deps:
    - path: ccx.pl
      md5: 0339e4e10c93407c57580bbe0c275c9a
      size: 357
    - path: cond.pl
      md5: 50ab74f80e3c4f8fb2660d801e7e5488
      size: 673
    - path: data/1-F4.musicxml
      md5: ac40c8c7185c3b21cca1579af1b9896c
      size: 874
    - path: epf.pl
      md5: 5ed7dcd164de21297148e325871a3593
      size: 282
    - path: epf_geo.pl
      md5: 95871e24e0f60f08385582296beb2779
      size: 222
    - path: geo.pl
      md5: c275a65d2e5ba61f342ce77db63e37fd
      size: 1291
    - path: music.pl
      md5: cfddbe6dd5b46c49fc2e02fbfaf63499
      size: 5739
    - path: music_utils.pl
      md5: b565dda97e9bc2e53b4670bb7dc2d679
      size: 1013
    - path: pitch.pl
      md5: 4aac3f3e53a894951330584b7e7c3325
      size: 4626
    - path: seg.pl
      md5: 5a4766d278a31cc00eb99b5d7cf2b146
      size: 1479
    - path: utils.pl
      md5: 234c76d9873120fe25fa952a089ab0d8
      size: 603
    outs:
    - path: data/1-F4-music.pl
      md5: 734350d9beb895865677cff4936d6996
      size: 363
  verovio@1-F4:
    cmd: /home/kwon-young/prog/verovio/build/verovio -r /home/kwon-young/prog/verovio/data
      -o data/1-F4-verovio.svg data/1-F4.musicxml
    deps:
    - path: data/1-F4.musicxml
      md5: ac40c8c7185c3b21cca1579af1b9896c
      size: 874
    outs:
    - path: data/1-F4-verovio.svg
      md5: 0bbae4882c0abe79172eefa54b70885f
      size: 9627
  svg2pl@1-F4:
    cmd: python svg2pl.py data/1-F4-verovio.svg data/glyphnames.json data/1-F4-verovio.pl
    deps:
    - path: data/1-F4-verovio.svg
      md5: 0bbae4882c0abe79172eefa54b70885f
      size: 9627
    - path: data/glyphnames.json
      md5: 9529c059c29a2162ee44d35f561b1900
      size: 301683
    - path: svg2pl.py
      md5: d991a07e2fa0cfdb3721c3eebc8c7f46
      size: 7398
    outs:
    - path: data/1-F4-verovio.pl
      md5: 92ced7ae762177628ed9c1a2de849a72
      size: 1196
  verovio@1-C0:
    cmd: /home/kwon-young/prog/verovio/build/verovio -r /home/kwon-young/prog/verovio/data
      -o data/1-C0-verovio.svg data/1-C0.musicxml
    deps:
    - path: data/1-C0.musicxml
      md5: 5d2954216d1324f24277c08d98d2d9aa
      size: 874
    outs:
    - path: data/1-C0-verovio.svg
      md5: 702585fe543fe89ce47c662641a5137c
      size: 11138
  svg2pl@1-C0:
    cmd: python svg2pl.py data/1-C0-verovio.svg data/glyphnames.json data/1-C0-verovio.pl
    deps:
    - path: data/1-C0-verovio.svg
      md5: 702585fe543fe89ce47c662641a5137c
      size: 11138
    - path: data/glyphnames.json
      md5: 9529c059c29a2162ee44d35f561b1900
      size: 301683
    - path: svg2pl.py
      md5: d991a07e2fa0cfdb3721c3eebc8c7f46
      size: 7398
    outs:
    - path: data/1-C0-verovio.pl
      md5: 907778cb877db7f7c9509f594e9b41bb
      size: 3206
  musicReco@1-C0:
    cmd: swipl -t halt -s music.pl -g "mainReco('data/1-C0-verovio.pl', 'data/1-C0-verovio.musicxml')."
    deps:
    - path: ccx.pl
      md5: 0339e4e10c93407c57580bbe0c275c9a
      size: 357
    - path: cond.pl
      md5: 50ab74f80e3c4f8fb2660d801e7e5488
      size: 673
    - path: data/1-C0-verovio.pl
      md5: 907778cb877db7f7c9509f594e9b41bb
      size: 3206
    - path: epf.pl
      md5: 5ed7dcd164de21297148e325871a3593
      size: 282
    - path: epf_geo.pl
      md5: 95871e24e0f60f08385582296beb2779
      size: 222
    - path: geo.pl
      md5: c275a65d2e5ba61f342ce77db63e37fd
      size: 1291
    - path: music.pl
      md5: cfddbe6dd5b46c49fc2e02fbfaf63499
      size: 5739
    - path: music_utils.pl
      md5: b565dda97e9bc2e53b4670bb7dc2d679
      size: 1013
    - path: pitch.pl
      md5: 4aac3f3e53a894951330584b7e7c3325
      size: 4626
    - path: seg.pl
      md5: 5a4766d278a31cc00eb99b5d7cf2b146
      size: 1479
    - path: utils.pl
      md5: 234c76d9873120fe25fa952a089ab0d8
      size: 603
    outs:
    - path: data/1-C0-verovio.musicxml
      md5: 6de5cbea61cc8bda4981d1d092370f59
      size: 731
  musicGen@1-C0:
    cmd: swipl -t halt -s music.pl -g "mainGen('data/1-C0.musicxml', 'data/1-C0-music.pl')."
    deps:
    - path: ccx.pl
      md5: 0339e4e10c93407c57580bbe0c275c9a
      size: 357
    - path: cond.pl
      md5: 50ab74f80e3c4f8fb2660d801e7e5488
      size: 673
    - path: data/1-C0.musicxml
      md5: 5d2954216d1324f24277c08d98d2d9aa
      size: 874
    - path: epf.pl
      md5: 5ed7dcd164de21297148e325871a3593
      size: 282
    - path: epf_geo.pl
      md5: 95871e24e0f60f08385582296beb2779
      size: 222
    - path: geo.pl
      md5: c275a65d2e5ba61f342ce77db63e37fd
      size: 1291
    - path: music.pl
      md5: cfddbe6dd5b46c49fc2e02fbfaf63499
      size: 5739
    - path: music_utils.pl
      md5: b565dda97e9bc2e53b4670bb7dc2d679
      size: 1013
    - path: pitch.pl
      md5: 4aac3f3e53a894951330584b7e7c3325
      size: 4626
    - path: seg.pl
      md5: 5a4766d278a31cc00eb99b5d7cf2b146
      size: 1479
    - path: utils.pl
      md5: 234c76d9873120fe25fa952a089ab0d8
      size: 603
    outs:
    - path: data/1-C0-music.pl
      md5: 5ada2118a3eb526efdf2272cfb2673e5
      size: 873
  verovio@1-D5:
    cmd: /home/kwon-young/prog/verovio/build/verovio -r /home/kwon-young/prog/verovio/data
      -o data/1-D5-verovio.svg data/1-D5.musicxml
    deps:
    - path: data/1-D5.musicxml
      md5: d3b104059af073e0e65a0cca81c2dfc8
      size: 874
    outs:
    - path: data/1-D5-verovio.svg
      md5: af8b94eaabd4e29b2936b17abbf3f814
      size: 9626
  svg2pl@1-D5:
    cmd: python svg2pl.py data/1-D5-verovio.svg data/glyphnames.json data/1-D5-verovio.pl
    deps:
    - path: data/1-D5-verovio.svg
      md5: af8b94eaabd4e29b2936b17abbf3f814
      size: 9626
    - path: data/glyphnames.json
      md5: 9529c059c29a2162ee44d35f561b1900
      size: 301683
    - path: svg2pl.py
      md5: d991a07e2fa0cfdb3721c3eebc8c7f46
      size: 7398
    outs:
    - path: data/1-D5-verovio.pl
      md5: 74568435ec1638a9c769d84461d47855
      size: 1196
  musicReco@1-D5:
    cmd: swipl -t halt -s music.pl -g "mainReco('data/1-D5-verovio.pl', 'data/1-D5-verovio.musicxml')."
    deps:
    - path: ccx.pl
      md5: 0339e4e10c93407c57580bbe0c275c9a
      size: 357
    - path: cond.pl
      md5: 50ab74f80e3c4f8fb2660d801e7e5488
      size: 673
    - path: data/1-D5-verovio.pl
      md5: 74568435ec1638a9c769d84461d47855
      size: 1196
    - path: epf.pl
      md5: 5ed7dcd164de21297148e325871a3593
      size: 282
    - path: epf_geo.pl
      md5: 95871e24e0f60f08385582296beb2779
      size: 222
    - path: geo.pl
      md5: c275a65d2e5ba61f342ce77db63e37fd
      size: 1291
    - path: music.pl
      md5: cfddbe6dd5b46c49fc2e02fbfaf63499
      size: 5739
    - path: music_utils.pl
      md5: b565dda97e9bc2e53b4670bb7dc2d679
      size: 1013
    - path: pitch.pl
      md5: 4aac3f3e53a894951330584b7e7c3325
      size: 4626
    - path: seg.pl
      md5: 5a4766d278a31cc00eb99b5d7cf2b146
      size: 1479
    - path: utils.pl
      md5: 234c76d9873120fe25fa952a089ab0d8
      size: 603
    outs:
    - path: data/1-D5-verovio.musicxml
      md5: e5de157e04f25806d4fb41f5762c9543
      size: 731
  musicGen@1-D5:
    cmd: swipl -t halt -s music.pl -g "mainGen('data/1-D5.musicxml', 'data/1-D5-music.pl')."
    deps:
    - path: ccx.pl
      md5: 0339e4e10c93407c57580bbe0c275c9a
      size: 357
    - path: cond.pl
      md5: 50ab74f80e3c4f8fb2660d801e7e5488
      size: 673
    - path: data/1-D5.musicxml
      md5: d3b104059af073e0e65a0cca81c2dfc8
      size: 874
    - path: epf.pl
      md5: 5ed7dcd164de21297148e325871a3593
      size: 282
    - path: epf_geo.pl
      md5: 95871e24e0f60f08385582296beb2779
      size: 222
    - path: geo.pl
      md5: c275a65d2e5ba61f342ce77db63e37fd
      size: 1291
    - path: music.pl
      md5: cfddbe6dd5b46c49fc2e02fbfaf63499
      size: 5739
    - path: music_utils.pl
      md5: b565dda97e9bc2e53b4670bb7dc2d679
      size: 1013
    - path: pitch.pl
      md5: 4aac3f3e53a894951330584b7e7c3325
      size: 4626
    - path: seg.pl
      md5: 5a4766d278a31cc00eb99b5d7cf2b146
      size: 1479
    - path: utils.pl
      md5: 234c76d9873120fe25fa952a089ab0d8
      size: 603
    outs:
    - path: data/1-D5-music.pl
      md5: 734350d9beb895865677cff4936d6996
      size: 363
  musicReco@1-F4:
    cmd: swipl -t halt -s music.pl -g "mainReco('data/1-F4-verovio.pl', 'data/1-F4-verovio.musicxml')."
    deps:
    - path: ccx.pl
      md5: 0339e4e10c93407c57580bbe0c275c9a
      size: 357
    - path: cond.pl
      md5: 50ab74f80e3c4f8fb2660d801e7e5488
      size: 673
    - path: data/1-F4-verovio.pl
      md5: 92ced7ae762177628ed9c1a2de849a72
      size: 1196
    - path: epf.pl
      md5: 5ed7dcd164de21297148e325871a3593
      size: 282
    - path: epf_geo.pl
      md5: 95871e24e0f60f08385582296beb2779
      size: 222
    - path: geo.pl
      md5: c275a65d2e5ba61f342ce77db63e37fd
      size: 1291
    - path: music.pl
      md5: cfddbe6dd5b46c49fc2e02fbfaf63499
      size: 5739
    - path: music_utils.pl
      md5: b565dda97e9bc2e53b4670bb7dc2d679
      size: 1013
    - path: pitch.pl
      md5: 4aac3f3e53a894951330584b7e7c3325
      size: 4626
    - path: seg.pl
      md5: 5a4766d278a31cc00eb99b5d7cf2b146
      size: 1479
    - path: utils.pl
      md5: 234c76d9873120fe25fa952a089ab0d8
      size: 603
    outs:
    - path: data/1-F4-verovio.musicxml
      md5: 96d121dabef67984ff112d4913d8250c
      size: 731
  diffXml@1:
    cmd: swipl -t halt -s diffxml.pl -g "diffXml('data/1.musicxml', 'data/1-verovio.musicxml')."
    deps:
    - path: data/1-verovio.musicxml
      md5: 156e4170498e4020cc8aae3f36d5b97e
      size: 731
    - path: data/1.musicxml
      md5: ae4568e844476569c44aa9fbb83ab065
      size: 874
    - path: diffxml.pl
      md5: 8bd918916e1ed132dd3247a073ae818e
      size: 107
  diffXml@1-C0:
    cmd: swipl -t halt -s diffxml.pl -g "diffXml('data/1-C0.musicxml', 'data/1-C0-verovio.musicxml')."
    deps:
    - path: data/1-C0-verovio.musicxml
      md5: 6de5cbea61cc8bda4981d1d092370f59
      size: 731
    - path: data/1-C0.musicxml
      md5: 5d2954216d1324f24277c08d98d2d9aa
      size: 874
    - path: diffxml.pl
      md5: 8bd918916e1ed132dd3247a073ae818e
      size: 107
  diffXml@1-C9:
    cmd: swipl -t halt -s diffxml.pl -g "diffXml('data/1-C9.musicxml', 'data/1-C9-verovio.musicxml')."
    deps:
    - path: data/1-C9-verovio.musicxml
      md5: 5e2856cc8d11e6c546439f96f65257f5
      size: 731
    - path: data/1-C9.musicxml
      md5: a8be52987c822a67f62e2b48164ddba2
      size: 874
    - path: diffxml.pl
      md5: 8bd918916e1ed132dd3247a073ae818e
      size: 107
  diffXml@1-D5:
    cmd: swipl -t halt -s diffxml.pl -g "diffXml('data/1-D5.musicxml', 'data/1-D5-verovio.musicxml')."
    deps:
    - path: data/1-D5-verovio.musicxml
      md5: e5de157e04f25806d4fb41f5762c9543
      size: 731
    - path: data/1-D5.musicxml
      md5: d3b104059af073e0e65a0cca81c2dfc8
      size: 874
    - path: diffxml.pl
      md5: 8bd918916e1ed132dd3247a073ae818e
      size: 107
  diffXml@1-F4:
    cmd: swipl -t halt -s diffxml.pl -g "diffXml('data/1-F4.musicxml', 'data/1-F4-verovio.musicxml')."
    deps:
    - path: data/1-F4-verovio.musicxml
      md5: 96d121dabef67984ff112d4913d8250c
      size: 731
    - path: data/1-F4.musicxml
      md5: ac40c8c7185c3b21cca1579af1b9896c
      size: 874
    - path: diffxml.pl
      md5: 8bd918916e1ed132dd3247a073ae818e
      size: 107
  diffXml@2:
    cmd: swipl -t halt -s diffxml.pl -g "diffXml('data/2.musicxml', 'data/2-verovio.musicxml')."
    deps:
    - path: data/2-verovio.musicxml
      md5: 156e4170498e4020cc8aae3f36d5b97e
      size: 731
    - path: data/2.musicxml
      md5: a2b049229fe948bf5e33be5ac37dd723
      size: 880
    - path: diffxml.pl
      md5: 8bd918916e1ed132dd3247a073ae818e
      size: 107
  verovio@1-half:
    cmd: /home/kwon-young/prog/verovio/build/verovio -r /home/kwon-young/prog/verovio/data
      -o data/1-half-verovio.svg data/1-half.musicxml
    deps:
    - path: data/1-half.musicxml
      md5: 4746641bc53e6cac48a048d84f3f0ac0
      size: 873
    outs:
    - path: data/1-half-verovio.svg
      md5: 164c8febbbb58cd94df2327088d6932c
      size: 9835
  svg2pl@1-half:
    cmd: python svg2pl.py data/1-half-verovio.svg data/glyphnames.json data/1-half-verovio.pl
    deps:
    - path: data/1-half-verovio.svg
      md5: 164c8febbbb58cd94df2327088d6932c
      size: 9835
    - path: data/glyphnames.json
      md5: 9529c059c29a2162ee44d35f561b1900
      size: 301683
    - path: svg2pl.py
      md5: d991a07e2fa0cfdb3721c3eebc8c7f46
      size: 7398
    outs:
    - path: data/1-half-verovio.pl
      md5: 2e8eebbc17eccf3fce18ba3663b0d50e
      size: 1480
  musicReco@1-half:
    cmd: swipl -t halt -s music.pl -g "mainReco('data/1-half-verovio.pl', 'data/1-half-verovio.musicxml')."
    deps:
    - path: ccx.pl
      md5: 0339e4e10c93407c57580bbe0c275c9a
      size: 357
    - path: cond.pl
      md5: 50ab74f80e3c4f8fb2660d801e7e5488
      size: 673
    - path: data/1-half-verovio.pl
      md5: 2e8eebbc17eccf3fce18ba3663b0d50e
      size: 1480
    - path: epf.pl
      md5: 5ed7dcd164de21297148e325871a3593
      size: 282
    - path: epf_geo.pl
      md5: 95871e24e0f60f08385582296beb2779
      size: 222
    - path: geo.pl
      md5: c275a65d2e5ba61f342ce77db63e37fd
      size: 1291
    - path: music.pl
      md5: cfddbe6dd5b46c49fc2e02fbfaf63499
      size: 5739
    - path: music_utils.pl
      md5: b565dda97e9bc2e53b4670bb7dc2d679
      size: 1013
    - path: pitch.pl
      md5: 4aac3f3e53a894951330584b7e7c3325
      size: 4626
    - path: seg.pl
      md5: 5a4766d278a31cc00eb99b5d7cf2b146
      size: 1479
    - path: utils.pl
      md5: 234c76d9873120fe25fa952a089ab0d8
      size: 603
    outs:
    - path: data/1-half-verovio.musicxml
      md5: aa99d5b5921afdff754cb3395b5edeeb
      size: 730
  musicGen@1-half:
    cmd: swipl -t halt -s music.pl -g "mainGen('data/1-half.musicxml', 'data/1-half-music.pl')."
    deps:
    - path: ccx.pl
      md5: 0339e4e10c93407c57580bbe0c275c9a
      size: 357
    - path: cond.pl
      md5: 50ab74f80e3c4f8fb2660d801e7e5488
      size: 673
    - path: data/1-half.musicxml
      md5: 4746641bc53e6cac48a048d84f3f0ac0
      size: 873
    - path: epf.pl
      md5: 5ed7dcd164de21297148e325871a3593
      size: 282
    - path: epf_geo.pl
      md5: 95871e24e0f60f08385582296beb2779
      size: 222
    - path: geo.pl
      md5: c275a65d2e5ba61f342ce77db63e37fd
      size: 1291
    - path: music.pl
      md5: cfddbe6dd5b46c49fc2e02fbfaf63499
      size: 5739
    - path: music_utils.pl
      md5: b565dda97e9bc2e53b4670bb7dc2d679
      size: 1013
    - path: pitch.pl
      md5: 4aac3f3e53a894951330584b7e7c3325
      size: 4626
    - path: seg.pl
      md5: 5a4766d278a31cc00eb99b5d7cf2b146
      size: 1479
    - path: utils.pl
      md5: 234c76d9873120fe25fa952a089ab0d8
      size: 603
    outs:
    - path: data/1-half-music.pl
      md5: 4bf0385b199e298a3d300f443e30e94f
      size: 396
  diffXml@1-half:
    cmd: swipl -t halt -s diffxml.pl -g "diffXml('data/1-half.musicxml', 'data/1-half-verovio.musicxml')."
    deps:
    - path: data/1-half-verovio.musicxml
      md5: aa99d5b5921afdff754cb3395b5edeeb
      size: 730
    - path: data/1-half.musicxml
      md5: 4746641bc53e6cac48a048d84f3f0ac0
      size: 873
    - path: diffxml.pl
      md5: 8bd918916e1ed132dd3247a073ae818e
      size: 107
